
Microsoft Visual Studio Solution File, Format Version 12.00
# Visual Studio 15
VisualStudioVersion = 15.0.28307.539
MinimumVisualStudioVersion = 10.0.40219.1
Project("{FAE04EC0-301F-11D3-BF4B-00C04F79EFBC}") = "UI", "UI\UI.csproj", "{6D3EDD7A-D357-4D8B-A650-10BEBD243652}"
EndProject
Project("{F2A71F9B-5D33-465A-A702-920D77279786}") = "Logic", "Logic\Logic.fsproj", "{C6A75411-9536-4FA2-9299-452176F653E2}"
EndProject
Global
	GlobalSection(SolutionConfigurationPlatforms) = preSolution
		Debug|Any CPU = Debug|Any CPU
		Release|Any CPU = Release|Any CPU
	EndGlobalSection
	GlobalSection(ProjectConfigurationPlatforms) = postSolution
		{6D3EDD7A-D357-4D8B-A650-10BEBD243652}.Debug|Any CPU.ActiveCfg = Debug|Any CPU
		{6D3EDD7A-D357-4D8B-A650-10BEBD243652}.Debug|Any CPU.Build.0 = Debug|Any CPU
		{6D3EDD7A-D357-4D8B-A650-10BEBD243652}.Release|Any CPU.ActiveCfg = Release|Any CPU
		{6D3EDD7A-D357-4D8B-A650-10BEBD243652}.Release|Any CPU.Build.0 = Release|Any CPU
		{C6A75411-9536-4FA2-9299-452176F653E2}.Debug|Any CPU.ActiveCfg = Debug|Any CPU
		{C6A75411-9536-4FA2-9299-452176F653E2}.Debug|Any CPU.Build.0 = Debug|Any CPU
		{C6A75411-9536-4FA2-9299-452176F653E2}.Release|Any CPU.ActiveCfg = Release|Any CPU
		{C6A75411-9536-4FA2-9299-452176F653E2}.Release|Any CPU.Build.0 = Release|Any CPU
	EndGlobalSection
	GlobalSection(SolutionProperties) = preSolution
		HideSolutionNode = FALSE
	EndGlobalSection
	GlobalSection(ExtensibilityGlobals) = postSolution
		SolutionGuid = {4C668B9C-21E7-4156-8A85-D347A388B859}
	EndGlobalSection
EndGlobal
